// !$*UTF8*$!
{
	archiveVersion = 1;
	classes = {
	};
	objectVersion = 55;
	objects = {

/* Begin PBXBuildFile section */
		395FE64F285C0C0900DE3550 /* GenerateFontImagesApp.swift in Sources */ = {isa = PBXBuildFile; fileRef = 395FE64E285C0C0900DE3550 /* GenerateFontImagesApp.swift */; };
		395FE651285C0C0900DE3550 /* GenerateFontImagesView.swift in Sources */ = {isa = PBXBuildFile; fileRef = 395FE650285C0C0900DE3550 /* GenerateFontImagesView.swift */; };
		395FE653285C0C0B00DE3550 /* Assets.xcassets in Resources */ = {isa = PBXBuildFile; fileRef = 395FE652285C0C0B00DE3550 /* Assets.xcassets */; };
		395FE656285C0C0B00DE3550 /* Preview Assets.xcassets in Resources */ = {isa = PBXBuildFile; fileRef = 395FE655285C0C0B00DE3550 /* Preview Assets.xcassets */; };
		395FE65F285C0C4300DE3550 /* NSImage+fr.swift in Sources */ = {isa = PBXBuildFile; fileRef = 395FE65D285C0C4300DE3550 /* NSImage+fr.swift */; };
		395FE660285C0C4300DE3550 /* FontGenerator.swift in Sources */ = {isa = PBXBuildFile; fileRef = 395FE65E285C0C4300DE3550 /* FontGenerator.swift */; };
		395FE662285C0F7600DE3550 /* ButtonStyles.swift in Sources */ = {isa = PBXBuildFile; fileRef = 395FE661285C0F7600DE3550 /* ButtonStyles.swift */; };
/* End PBXBuildFile section */

/* Begin PBXFileReference section */
		395FE64B285C0C0900DE3550 /* GenerateFontImages.app */ = {isa = PBXFileReference; explicitFileType = wrapper.application; includeInIndex = 0; path = GenerateFontImages.app; sourceTree = BUILT_PRODUCTS_DIR; };
		395FE64E285C0C0900DE3550 /* GenerateFontImagesApp.swift */ = {isa = PBXFileReference; lastKnownFileType = sourcecode.swift; path = GenerateFontImagesApp.swift; sourceTree = "<group>"; };
		395FE650285C0C0900DE3550 /* GenerateFontImagesView.swift */ = {isa = PBXFileReference; lastKnownFileType = sourcecode.swift; path = GenerateFontImagesView.swift; sourceTree = "<group>"; };
		395FE652285C0C0B00DE3550 /* Assets.xcassets */ = {isa = PBXFileReference; lastKnownFileType = folder.assetcatalog; path = Assets.xcassets; sourceTree = "<group>"; };
		395FE655285C0C0B00DE3550 /* Preview Assets.xcassets */ = {isa = PBXFileReference; lastKnownFileType = folder.assetcatalog; path = "Preview Assets.xcassets"; sourceTree = "<group>"; };
		395FE657285C0C0B00DE3550 /* GenerateFontImages.entitlements */ = {isa = PBXFileReference; lastKnownFileType = text.plist.entitlements; path = GenerateFontImages.entitlements; sourceTree = "<group>"; };
		395FE65D285C0C4300DE3550 /* NSImage+fr.swift */ = {isa = PBXFileReference; fileEncoding = 4; lastKnownFileType = sourcecode.swift; path = "NSImage+fr.swift"; sourceTree = "<group>"; };
		395FE65E285C0C4300DE3550 /* FontGenerator.swift */ = {isa = PBXFileReference; fileEncoding = 4; lastKnownFileType = sourcecode.swift; path = FontGenerator.swift; sourceTree = "<group>"; };
		395FE661285C0F7600DE3550 /* ButtonStyles.swift */ = {isa = PBXFileReference; fileEncoding = 4; lastKnownFileType = sourcecode.swift; path = ButtonStyles.swift; sourceTree = "<group>"; };
/* End PBXFileReference section */

/* Begin PBXFrameworksBuildPhase section */
		395FE648285C0C0900DE3550 /* Frameworks */ = {
			isa = PBXFrameworksBuildPhase;
			buildActionMask = 2147483647;
			files = (
			);
			runOnlyForDeploymentPostprocessing = 0;
		};
/* End PBXFrameworksBuildPhase section */

/* Begin PBXGroup section */
		395FE642285C0C0900DE3550 = {
			isa = PBXGroup;
			children = (
				395FE64D285C0C0900DE3550 /* GenerateFontImages */,
				395FE64C285C0C0900DE3550 /* Products */,
			);
			sourceTree = "<group>";
		};
		395FE64C285C0C0900DE3550 /* Products */ = {
			isa = PBXGroup;
			children = (
				395FE64B285C0C0900DE3550 /* GenerateFontImages.app */,
			);
			name = Products;
			sourceTree = "<group>";
		};
		395FE64D285C0C0900DE3550 /* GenerateFontImages */ = {
			isa = PBXGroup;
			children = (
				395FE64E285C0C0900DE3550 /* GenerateFontImagesApp.swift */,
				395FE650285C0C0900DE3550 /* GenerateFontImagesView.swift */,
				395FE652285C0C0B00DE3550 /* Assets.xcassets */,
				395FE65E285C0C4300DE3550 /* FontGenerator.swift */,
				395FE65D285C0C4300DE3550 /* NSImage+fr.swift */,
				395FE663285C0F9600DE3550 /* Components */,
				395FE657285C0C0B00DE3550 /* GenerateFontImages.entitlements */,
				395FE654285C0C0B00DE3550 /* Preview Content */,
			);
			path = GenerateFontImages;
			sourceTree = "<group>";
		};
		395FE654285C0C0B00DE3550 /* Preview Content */ = {
			isa = PBXGroup;
			children = (
				395FE655285C0C0B00DE3550 /* Preview Assets.xcassets */,
			);
			path = "Preview Content";
			sourceTree = "<group>";
		};
		395FE663285C0F9600DE3550 /* Components */ = {
			isa = PBXGroup;
			children = (
				395FE661285C0F7600DE3550 /* ButtonStyles.swift */,
			);
			path = Components;
			sourceTree = "<group>";
		};
/* End PBXGroup section */

/* Begin PBXNativeTarget section */
		395FE64A285C0C0900DE3550 /* GenerateFontImages */ = {
			isa = PBXNativeTarget;
			buildConfigurationList = 395FE65A285C0C0B00DE3550 /* Build configuration list for PBXNativeTarget "GenerateFontImages" */;
			buildPhases = (
				395FE647285C0C0900DE3550 /* Sources */,
				395FE648285C0C0900DE3550 /* Frameworks */,
				395FE649285C0C0900DE3550 /* Resources */,
			);
			buildRules = (
			);
			dependencies = (
			);
			name = GenerateFontImages;
			productName = GenerateFontImages;
			productReference = 395FE64B285C0C0900DE3550 /* GenerateFontImages.app */;
			productType = "com.apple.product-type.application";
		};
/* End PBXNativeTarget section */

/* Begin PBXProject section */
		395FE643285C0C0900DE3550 /* Project object */ = {
			isa = PBXProject;
			attributes = {
				BuildIndependentTargetsInParallel = 1;
				LastSwiftUpdateCheck = 1330;
				LastUpgradeCheck = 1330;
				TargetAttributes = {
					395FE64A285C0C0900DE3550 = {
						CreatedOnToolsVersion = 13.3;
					};
				};
			};
			buildConfigurationList = 395FE646285C0C0900DE3550 /* Build configuration list for PBXProject "GenerateFontImages" */;
			compatibilityVersion = "Xcode 13.0";
			developmentRegion = en;
			hasScannedForEncodings = 0;
			knownRegions = (
				en,
				Base,
			);
			mainGroup = 395FE642285C0C0900DE3550;
			productRefGroup = 395FE64C285C0C0900DE3550 /* Products */;
			projectDirPath = "";
			projectRoot = "";
			targets = (
				395FE64A285C0C0900DE3550 /* GenerateFontImages */,
			);
		};
/* End PBXProject section */

/* Begin PBXResourcesBuildPhase section */
		395FE649285C0C0900DE3550 /* Resources */ = {
			isa = PBXResourcesBuildPhase;
			buildActionMask = 2147483647;
			files = (
				395FE656285C0C0B00DE3550 /* Preview Assets.xcassets in Resources */,
				395FE653285C0C0B00DE3550 /* Assets.xcassets in Resources */,
			);
			runOnlyForDeploymentPostprocessing = 0;
		};
/* End PBXResourcesBuildPhase section */

/* Begin PBXSourcesBuildPhase section */
		395FE647285C0C0900DE3550 /* Sources */ = {
			isa = PBXSourcesBuildPhase;
			buildActionMask = 2147483647;
			files = (
				395FE660285C0C4300DE3550 /* FontGenerator.swift in Sources */,
				395FE65F285C0C4300DE3550 /* NSImage+fr.swift in Sources */,
				395FE651285C0C0900DE3550 /* GenerateFontImagesView.swift in Sources */,
				395FE662285C0F7600DE3550 /* ButtonStyles.swift in Sources */,
				395FE64F285C0C0900DE3550 /* GenerateFontImagesApp.swift in Sources */,
			);
			runOnlyForDeploymentPostprocessing = 0;
		};
/* End PBXSourcesBuildPhase section */

/* Begin XCBuildConfiguration section */
		395FE658285C0C0B00DE3550 /* Debug */ = {
			isa = XCBuildConfiguration;
			buildSettings = {
				ALWAYS_SEARCH_USER_PATHS = NO;
				CLANG_ANALYZER_NONNULL = YES;
				CLANG_ANALYZER_NUMBER_OBJECT_CONVERSION = YES_AGGRESSIVE;
				CLANG_CXX_LANGUAGE_STANDARD = "gnu++17";
				CLANG_ENABLE_MODULES = YES;
				CLANG_ENABLE_OBJC_ARC = YES;
				CLANG_ENABLE_OBJC_WEAK = YES;
				CLANG_WARN_BLOCK_CAPTURE_AUTORELEASING = YES;
				CLANG_WARN_BOOL_CONVERSION = YES;
				CLANG_WARN_COMMA = YES;
				CLANG_WARN_CONSTANT_CONVERSION = YES;
				CLANG_WARN_DEPRECATED_OBJC_IMPLEMENTATIONS = YES;
				CLANG_WARN_DIRECT_OBJC_ISA_USAGE = YES_ERROR;
				CLANG_WARN_DOCUMENTATION_COMMENTS = YES;
				CLANG_WARN_EMPTY_BODY = YES;
				CLANG_WARN_ENUM_CONVERSION = YES;
				CLANG_WARN_INFINITE_RECURSION = YES;
				CLANG_WARN_INT_CONVERSION = YES;
				CLANG_WARN_NON_LITERAL_NULL_CONVERSION = YES;
				CLANG_WARN_OBJC_IMPLICIT_RETAIN_SELF = YES;
				CLANG_WARN_OBJC_LITERAL_CONVERSION = YES;
				CLANG_WARN_OBJC_ROOT_CLASS = YES_ERROR;
				CLANG_WARN_QUOTED_INCLUDE_IN_FRAMEWORK_HEADER = YES;
				CLANG_WARN_RANGE_LOOP_ANALYSIS = YES;
				CLANG_WARN_STRICT_PROTOTYPES = YES;
				CLANG_WARN_SUSPICIOUS_MOVE = YES;
				CLANG_WARN_UNGUARDED_AVAILABILITY = YES_AGGRESSIVE;
				CLANG_WARN_UNREACHABLE_CODE = YES;
				CLANG_WARN__DUPLICATE_METHOD_MATCH = YES;
				COPY_PHASE_STRIP = NO;
				DEBUG_INFORMATION_FORMAT = dwarf;
				ENABLE_STRICT_OBJC_MSGSEND = YES;
				ENABLE_TESTABILITY = YES;
				GCC_C_LANGUAGE_STANDARD = gnu11;
				GCC_DYNAMIC_NO_PIC = NO;
				GCC_NO_COMMON_BLOCKS = YES;
				GCC_OPTIMIZATION_LEVEL = 0;
				GCC_PREPROCESSOR_DEFINITIONS = (
					"DEBUG=1",
					"$(inherited)",
				);
				GCC_WARN_64_TO_32_BIT_CONVERSION = YES;
				GCC_WARN_ABOUT_RETURN_TYPE = YES_ERROR;
				GCC_WARN_UNDECLARED_SELECTOR = YES;
				GCC_WARN_UNINITIALIZED_AUTOS = YES_AGGRESSIVE;
				GCC_WARN_UNUSED_FUNCTION = YES;
				GCC_WARN_UNUSED_VARIABLE = YES;
				MACOSX_DEPLOYMENT_TARGET = 12.3;
				MTL_ENABLE_DEBUG_INFO = INCLUDE_SOURCE;
				MTL_FAST_MATH = YES;
				ONLY_ACTIVE_ARCH = YES;
				SDKROOT = macosx;
				SWIFT_ACTIVE_COMPILATION_CONDITIONS = DEBUG;
				SWIFT_OPTIMIZATION_LEVEL = "-Onone";
			};
			name = Debug;
		};
		395FE659285C0C0B00DE3550 /* Release */ = {
			isa = XCBuildConfiguration;
			buildSettings = {
				ALWAYS_SEARCH_USER_PATHS = NO;
				CLANG_ANALYZER_NONNULL = YES;
				CLANG_ANALYZER_NUMBER_OBJECT_CONVERSION = YES_AGGRESSIVE;
				CLANG_CXX_LANGUAGE_STANDARD = "gnu++17";
				CLANG_ENABLE_MODULES = YES;
				CLANG_ENABLE_OBJC_ARC = YES;
				CLANG_ENABLE_OBJC_WEAK = YES;
				CLANG_WARN_BLOCK_CAPTURE_AUTORELEASING = YES;
				CLANG_WARN_BOOL_CONVERSION = YES;
				CLANG_WARN_COMMA = YES;
				CLANG_WARN_CONSTANT_CONVERSION = YES;
				CLANG_WARN_DEPRECATED_OBJC_IMPLEMENTATIONS = YES;
				CLANG_WARN_DIRECT_OBJC_ISA_USAGE = YES_ERROR;
				CLANG_WARN_DOCUMENTATION_COMMENTS = YES;
				CLANG_WARN_EMPTY_BODY = YES;
				CLANG_WARN_ENUM_CONVERSION = YES;
				CLANG_WARN_INFINITE_RECURSION = YES;
				CLANG_WARN_INT_CONVERSION = YES;
				CLANG_WARN_NON_LITERAL_NULL_CONVERSION = YES;
				CLANG_WARN_OBJC_IMPLICIT_RETAIN_SELF = YES;
				CLANG_WARN_OBJC_LITERAL_CONVERSION = YES;
				CLANG_WARN_OBJC_ROOT_CLASS = YES_ERROR;
				CLANG_WARN_QUOTED_INCLUDE_IN_FRAMEWORK_HEADER = YES;
				CLANG_WARN_RANGE_LOOP_ANALYSIS = YES;
				CLANG_WARN_STRICT_PROTOTYPES = YES;
				CLANG_WARN_SUSPICIOUS_MOVE = YES;
				CLANG_WARN_UNGUARDED_AVAILABILITY = YES_AGGRESSIVE;
				CLANG_WARN_UNREACHABLE_CODE = YES;
				CLANG_WARN__DUPLICATE_METHOD_MATCH = YES;
				COPY_PHASE_STRIP = NO;
				DEBUG_INFORMATION_FORMAT = "dwarf-with-dsym";
				ENABLE_NS_ASSERTIONS = NO;
				ENABLE_STRICT_OBJC_MSGSEND = YES;
				GCC_C_LANGUAGE_STANDARD = gnu11;
				GCC_NO_COMMON_BLOCKS = YES;
				GCC_WARN_64_TO_32_BIT_CONVERSION = YES;
				GCC_WARN_ABOUT_RETURN_TYPE = YES_ERROR;
				GCC_WARN_UNDECLARED_SELECTOR = YES;
				GCC_WARN_UNINITIALIZED_AUTOS = YES_AGGRESSIVE;
				GCC_WARN_UNUSED_FUNCTION = YES;
				GCC_WARN_UNUSED_VARIABLE = YES;
				MACOSX_DEPLOYMENT_TARGET = 12.3;
				MTL_ENABLE_DEBUG_INFO = NO;
				MTL_FAST_MATH = YES;
				SDKROOT = macosx;
				SWIFT_COMPILATION_MODE = wholemodule;
				SWIFT_OPTIMIZATION_LEVEL = "-O";
			};
			name = Release;
		};
		395FE65B285C0C0B00DE3550 /* Debug */ = {
			isa = XCBuildConfiguration;
			buildSettings = {
				ASSETCATALOG_COMPILER_APPICON_NAME = AppIcon;
				ASSETCATALOG_COMPILER_GLOBAL_ACCENT_COLOR_NAME = AccentColor;
				CODE_SIGN_ENTITLEMENTS = GenerateFontImages/GenerateFontImages.entitlements;
				CODE_SIGN_STYLE = Automatic;
				COMBINE_HIDPI_IMAGES = YES;
				CURRENT_PROJECT_VERSION = 1;
				DEVELOPMENT_ASSET_PATHS = "\"GenerateFontImages/Preview Content\"";
				ENABLE_PREVIEWS = YES;
				GENERATE_INFOPLIST_FILE = YES;
				INFOPLIST_KEY_NSHumanReadableCopyright = "";
				LD_RUNPATH_SEARCH_PATHS = (
					"$(inherited)",
					"@executable_path/../Frameworks",
				);
				MARKETING_VERSION = 1.0;
				PRODUCT_BUNDLE_IDENTIFIER = com.pixtolab.GenerateFontImages;
				PRODUCT_NAME = "$(TARGET_NAME)";
				SWIFT_EMIT_LOC_STRINGS = YES;
				SWIFT_VERSION = 5.0;
			};
			name = Debug;
		};
		395FE65C285C0C0B00DE3550 /* Release */ = {
			isa = XCBuildConfiguration;
			buildSettings = {
				ASSETCATALOG_COMPILER_APPICON_NAME = AppIcon;
				ASSETCATALOG_COMPILER_GLOBAL_ACCENT_COLOR_NAME = AccentColor;
				CODE_SIGN_ENTITLEMENTS = GenerateFontImages/GenerateFontImages.entitlements;
				CODE_SIGN_STYLE = Automatic;
				COMBINE_HIDPI_IMAGES = YES;
				CURRENT_PROJECT_VERSION = 1;
				DEVELOPMENT_ASSET_PATHS = "\"GenerateFontImages/Preview Content\"";
				ENABLE_PREVIEWS = YES;
				GENERATE_INFOPLIST_FILE = YES;
				INFOPLIST_KEY_NSHumanReadableCopyright = "";
				LD_RUNPATH_SEARCH_PATHS = (
					"$(inherited)",
					"@executable_path/../Frameworks",
				);
				MARKETING_VERSION = 1.0;
				PRODUCT_BUNDLE_IDENTIFIER = com.pixtolab.GenerateFontImages;
				PRODUCT_NAME = "$(TARGET_NAME)";
				SWIFT_EMIT_LOC_STRINGS = YES;
				SWIFT_VERSION = 5.0;
			};
			name = Release;
		};
/* End XCBuildConfiguration section */

/* Begin XCConfigurationList section */
		395FE646285C0C0900DE3550 /* Build configuration list for PBXProject "GenerateFontImages" */ = {
			isa = XCConfigurationList;
			buildConfigurations = (
				395FE658285C0C0B00DE3550 /* Debug */,
				395FE659285C0C0B00DE3550 /* Release */,
			);
			defaultConfigurationIsVisible = 0;
			defaultConfigurationName = Release;
		};
		395FE65A285C0C0B00DE3550 /* Build configuration list for PBXNativeTarget "GenerateFontImages" */ = {
			isa = XCConfigurationList;
			buildConfigurations = (
				395FE65B285C0C0B00DE3550 /* Debug */,
				395FE65C285C0C0B00DE3550 /* Release */,
			);
			defaultConfigurationIsVisible = 0;
			defaultConfigurationName = Release;
		};
/* End XCConfigurationList section */
	};
	rootObject = 395FE643285C0C0900DE3550 /* Project object */;
}
